// !$*UTF8*$!
{
	archiveVersion = 1;
	classes = {
	};
	objectVersion = 56;
	objects = {

/* Begin PBXBuildFile section */
		A123F668297FF27D00A2ABD5 /* AppDelegate.swift in Sources */ = {isa = PBXBuildFile; fileRef = A123F667297FF27D00A2ABD5 /* AppDelegate.swift */; };
		A123F66A297FF27D00A2ABD5 /* SceneDelegate.swift in Sources */ = {isa = PBXBuildFile; fileRef = A123F669297FF27D00A2ABD5 /* SceneDelegate.swift */; };
		A123F66C297FF27D00A2ABD5 /* GCDViewController.swift in Sources */ = {isa = PBXBuildFile; fileRef = A123F66B297FF27D00A2ABD5 /* GCDViewController.swift */; };
		A123F66F297FF27D00A2ABD5 /* Main.storyboard in Resources */ = {isa = PBXBuildFile; fileRef = A123F66D297FF27D00A2ABD5 /* Main.storyboard */; };
		A123F671297FF27E00A2ABD5 /* Assets.xcassets in Resources */ = {isa = PBXBuildFile; fileRef = A123F670297FF27E00A2ABD5 /* Assets.xcassets */; };
		A123F674297FF27E00A2ABD5 /* LaunchScreen.storyboard in Resources */ = {isa = PBXBuildFile; fileRef = A123F672297FF27E00A2ABD5 /* LaunchScreen.storyboard */; };
		A16D5D482987C7CC002657CC /* QueueAndMutexTest.swift in Sources */ = {isa = PBXBuildFile; fileRef = A16D5D472987C7CC002657CC /* QueueAndMutexTest.swift */; };
		A16D5D4C2987D7B6002657CC /* AdditionalGCDViewController.swift in Sources */ = {isa = PBXBuildFile; fileRef = A16D5D4B2987D7B6002657CC /* AdditionalGCDViewController.swift */; };
		A16D5D5429880027002657CC /* AdditionalGCDViewController.storyboard in Resources */ = {isa = PBXBuildFile; fileRef = A16D5D5329880027002657CC /* AdditionalGCDViewController.storyboard */; };
		A16D5D5729882044002657CC /* Kingfisher in Frameworks */ = {isa = PBXBuildFile; productRef = A16D5D5629882044002657CC /* Kingfisher */; };
		A16D5D5929892E06002657CC /* DispatchWorkItemViewController.swift in Sources */ = {isa = PBXBuildFile; fileRef = A16D5D5829892E06002657CC /* DispatchWorkItemViewController.swift */; };
		A1A861DB29893F3D00288C1D /* DispatchWorkItemViewController.storyboard in Resources */ = {isa = PBXBuildFile; fileRef = A1A861DA29893F3D00288C1D /* DispatchWorkItemViewController.storyboard */; };
/* End PBXBuildFile section */

/* Begin PBXFileReference section */
		A123F664297FF27D00A2ABD5 /* MultithreadingTest.app */ = {isa = PBXFileReference; explicitFileType = wrapper.application; includeInIndex = 0; path = MultithreadingTest.app; sourceTree = BUILT_PRODUCTS_DIR; };
		A123F667297FF27D00A2ABD5 /* AppDelegate.swift */ = {isa = PBXFileReference; lastKnownFileType = sourcecode.swift; path = AppDelegate.swift; sourceTree = "<group>"; };
		A123F669297FF27D00A2ABD5 /* SceneDelegate.swift */ = {isa = PBXFileReference; lastKnownFileType = sourcecode.swift; path = SceneDelegate.swift; sourceTree = "<group>"; };
		A123F66B297FF27D00A2ABD5 /* GCDViewController.swift */ = {isa = PBXFileReference; lastKnownFileType = sourcecode.swift; path = GCDViewController.swift; sourceTree = "<group>"; };
		A123F66E297FF27D00A2ABD5 /* Base */ = {isa = PBXFileReference; lastKnownFileType = file.storyboard; name = Base; path = Base.lproj/Main.storyboard; sourceTree = "<group>"; };
		A123F670297FF27E00A2ABD5 /* Assets.xcassets */ = {isa = PBXFileReference; lastKnownFileType = folder.assetcatalog; path = Assets.xcassets; sourceTree = "<group>"; };
		A123F673297FF27E00A2ABD5 /* Base */ = {isa = PBXFileReference; lastKnownFileType = file.storyboard; name = Base; path = Base.lproj/LaunchScreen.storyboard; sourceTree = "<group>"; };
		A123F675297FF27E00A2ABD5 /* Info.plist */ = {isa = PBXFileReference; lastKnownFileType = text.plist.xml; path = Info.plist; sourceTree = "<group>"; };
		A16D5D472987C7CC002657CC /* QueueAndMutexTest.swift */ = {isa = PBXFileReference; lastKnownFileType = sourcecode.swift; path = QueueAndMutexTest.swift; sourceTree = "<group>"; };
		A16D5D4B2987D7B6002657CC /* AdditionalGCDViewController.swift */ = {isa = PBXFileReference; lastKnownFileType = sourcecode.swift; path = AdditionalGCDViewController.swift; sourceTree = "<group>"; };
		A16D5D5329880027002657CC /* AdditionalGCDViewController.storyboard */ = {isa = PBXFileReference; lastKnownFileType = file.storyboard; path = AdditionalGCDViewController.storyboard; sourceTree = "<group>"; };
		A16D5D5829892E06002657CC /* DispatchWorkItemViewController.swift */ = {isa = PBXFileReference; lastKnownFileType = sourcecode.swift; path = DispatchWorkItemViewController.swift; sourceTree = "<group>"; };
		A1A861DA29893F3D00288C1D /* DispatchWorkItemViewController.storyboard */ = {isa = PBXFileReference; lastKnownFileType = file.storyboard; path = DispatchWorkItemViewController.storyboard; sourceTree = "<group>"; };
/* End PBXFileReference section */

/* Begin PBXFrameworksBuildPhase section */
		A123F661297FF27D00A2ABD5 /* Frameworks */ = {
			isa = PBXFrameworksBuildPhase;
			buildActionMask = 2147483647;
			files = (
				A16D5D5729882044002657CC /* Kingfisher in Frameworks */,
			);
			runOnlyForDeploymentPostprocessing = 0;
		};
/* End PBXFrameworksBuildPhase section */

/* Begin PBXGroup section */
		A123F65B297FF27D00A2ABD5 = {
			isa = PBXGroup;
			children = (
				A123F666297FF27D00A2ABD5 /* MultithreadingTest */,
				A123F665297FF27D00A2ABD5 /* Products */,
			);
			sourceTree = "<group>";
		};
		A123F665297FF27D00A2ABD5 /* Products */ = {
			isa = PBXGroup;
			children = (
				A123F664297FF27D00A2ABD5 /* MultithreadingTest.app */,
			);
			name = Products;
			sourceTree = "<group>";
		};
		A123F666297FF27D00A2ABD5 /* MultithreadingTest */ = {
			isa = PBXGroup;
			children = (
				A123F667297FF27D00A2ABD5 /* AppDelegate.swift */,
				A123F669297FF27D00A2ABD5 /* SceneDelegate.swift */,
				A16D5D4A2987D64F002657CC /* GCD */,
				A16D5D492987D641002657CC /* Mutex */,
				A123F670297FF27E00A2ABD5 /* Assets.xcassets */,
				A123F672297FF27E00A2ABD5 /* LaunchScreen.storyboard */,
				A123F675297FF27E00A2ABD5 /* Info.plist */,
			);
			path = MultithreadingTest;
			sourceTree = "<group>";
		};
		A16D5D492987D641002657CC /* Mutex */ = {
			isa = PBXGroup;
			children = (
				A16D5D472987C7CC002657CC /* QueueAndMutexTest.swift */,
			);
			path = Mutex;
			sourceTree = "<group>";
		};
		A16D5D4A2987D64F002657CC /* GCD */ = {
			isa = PBXGroup;
			children = (
				A123F66B297FF27D00A2ABD5 /* GCDViewController.swift */,
				A16D5D5829892E06002657CC /* DispatchWorkItemViewController.swift */,
				A1A861DA29893F3D00288C1D /* DispatchWorkItemViewController.storyboard */,
				A16D5D5329880027002657CC /* AdditionalGCDViewController.storyboard */,
				A16D5D4B2987D7B6002657CC /* AdditionalGCDViewController.swift */,
				A123F66D297FF27D00A2ABD5 /* Main.storyboard */,
			);
			path = GCD;
			sourceTree = "<group>";
		};
/* End PBXGroup section */

/* Begin PBXNativeTarget section */
		A123F663297FF27D00A2ABD5 /* MultithreadingTest */ = {
			isa = PBXNativeTarget;
			buildConfigurationList = A123F678297FF27E00A2ABD5 /* Build configuration list for PBXNativeTarget "MultithreadingTest" */;
			buildPhases = (
				A123F660297FF27D00A2ABD5 /* Sources */,
				A123F661297FF27D00A2ABD5 /* Frameworks */,
				A123F662297FF27D00A2ABD5 /* Resources */,
			);
			buildRules = (
			);
			dependencies = (
			);
			name = MultithreadingTest;
			packageProductDependencies = (
				A16D5D5629882044002657CC /* Kingfisher */,
			);
			productName = MultithreadingTest;
			productReference = A123F664297FF27D00A2ABD5 /* MultithreadingTest.app */;
			productType = "com.apple.product-type.application";
		};
/* End PBXNativeTarget section */

/* Begin PBXProject section */
		A123F65C297FF27D00A2ABD5 /* Project object */ = {
			isa = PBXProject;
			attributes = {
				BuildIndependentTargetsInParallel = 1;
				LastSwiftUpdateCheck = 1400;
				LastUpgradeCheck = 1400;
				TargetAttributes = {
					A123F663297FF27D00A2ABD5 = {
						CreatedOnToolsVersion = 14.0;
					};
				};
			};
			buildConfigurationList = A123F65F297FF27D00A2ABD5 /* Build configuration list for PBXProject "MultithreadingTest" */;
			compatibilityVersion = "Xcode 14.0";
			developmentRegion = en;
			hasScannedForEncodings = 0;
			knownRegions = (
				en,
				Base,
			);
			mainGroup = A123F65B297FF27D00A2ABD5;
			packageReferences = (
				A16D5D5529882044002657CC /* XCRemoteSwiftPackageReference "Kingfisher" */,
			);
			productRefGroup = A123F665297FF27D00A2ABD5 /* Products */;
			projectDirPath = "";
			projectRoot = "";
			targets = (
				A123F663297FF27D00A2ABD5 /* MultithreadingTest */,
			);
		};
/* End PBXProject section */

/* Begin PBXResourcesBuildPhase section */
		A123F662297FF27D00A2ABD5 /* Resources */ = {
			isa = PBXResourcesBuildPhase;
			buildActionMask = 2147483647;
			files = (
				A123F674297FF27E00A2ABD5 /* LaunchScreen.storyboard in Resources */,
				A123F671297FF27E00A2ABD5 /* Assets.xcassets in Resources */,
				A123F66F297FF27D00A2ABD5 /* Main.storyboard in Resources */,
				A16D5D5429880027002657CC /* AdditionalGCDViewController.storyboard in Resources */,
				A1A861DB29893F3D00288C1D /* DispatchWorkItemViewController.storyboard in Resources */,
			);
			runOnlyForDeploymentPostprocessing = 0;
		};
/* End PBXResourcesBuildPhase section */

/* Begin PBXSourcesBuildPhase section */
		A123F660297FF27D00A2ABD5 /* Sources */ = {
			isa = PBXSourcesBuildPhase;
			buildActionMask = 2147483647;
			files = (
				A16D5D482987C7CC002657CC /* QueueAndMutexTest.swift in Sources */,
				A16D5D4C2987D7B6002657CC /* AdditionalGCDViewController.swift in Sources */,
				A123F66C297FF27D00A2ABD5 /* GCDViewController.swift in Sources */,
				A123F668297FF27D00A2ABD5 /* AppDelegate.swift in Sources */,
				A16D5D5929892E06002657CC /* DispatchWorkItemViewController.swift in Sources */,
				A123F66A297FF27D00A2ABD5 /* SceneDelegate.swift in Sources */,
			);
			runOnlyForDeploymentPostprocessing = 0;
		};
/* End PBXSourcesBuildPhase section */

/* Begin PBXVariantGroup section */
		A123F66D297FF27D00A2ABD5 /* Main.storyboard */ = {
			isa = PBXVariantGroup;
			children = (
				A123F66E297FF27D00A2ABD5 /* Base */,
			);
			name = Main.storyboard;
			sourceTree = "<group>";
		};
		A123F672297FF27E00A2ABD5 /* LaunchScreen.storyboard */ = {
			isa = PBXVariantGroup;
			children = (
				A123F673297FF27E00A2ABD5 /* Base */,
			);
			name = LaunchScreen.storyboard;
			sourceTree = "<group>";
		};
/* End PBXVariantGroup section */

/* Begin XCBuildConfiguration section */
		A123F676297FF27E00A2ABD5 /* Debug */ = {
			isa = XCBuildConfiguration;
			buildSettings = {
				ALWAYS_SEARCH_USER_PATHS = NO;
				CLANG_ANALYZER_NONNULL = YES;
				CLANG_ANALYZER_NUMBER_OBJECT_CONVERSION = YES_AGGRESSIVE;
				CLANG_CXX_LANGUAGE_STANDARD = "gnu++20";
				CLANG_ENABLE_MODULES = YES;
				CLANG_ENABLE_OBJC_ARC = YES;
				CLANG_ENABLE_OBJC_WEAK = YES;
				CLANG_WARN_BLOCK_CAPTURE_AUTORELEASING = YES;
				CLANG_WARN_BOOL_CONVERSION = YES;
				CLANG_WARN_COMMA = YES;
				CLANG_WARN_CONSTANT_CONVERSION = YES;
				CLANG_WARN_DEPRECATED_OBJC_IMPLEMENTATIONS = YES;
				CLANG_WARN_DIRECT_OBJC_ISA_USAGE = YES_ERROR;
				CLANG_WARN_DOCUMENTATION_COMMENTS = YES;
				CLANG_WARN_EMPTY_BODY = YES;
				CLANG_WARN_ENUM_CONVERSION = YES;
				CLANG_WARN_INFINITE_RECURSION = YES;
				CLANG_WARN_INT_CONVERSION = YES;
				CLANG_WARN_NON_LITERAL_NULL_CONVERSION = YES;
				CLANG_WARN_OBJC_IMPLICIT_RETAIN_SELF = YES;
				CLANG_WARN_OBJC_LITERAL_CONVERSION = YES;
				CLANG_WARN_OBJC_ROOT_CLASS = YES_ERROR;
				CLANG_WARN_QUOTED_INCLUDE_IN_FRAMEWORK_HEADER = YES;
				CLANG_WARN_RANGE_LOOP_ANALYSIS = YES;
				CLANG_WARN_STRICT_PROTOTYPES = YES;
				CLANG_WARN_SUSPICIOUS_MOVE = YES;
				CLANG_WARN_UNGUARDED_AVAILABILITY = YES_AGGRESSIVE;
				CLANG_WARN_UNREACHABLE_CODE = YES;
				CLANG_WARN__DUPLICATE_METHOD_MATCH = YES;
				COPY_PHASE_STRIP = NO;
				DEBUG_INFORMATION_FORMAT = dwarf;
				ENABLE_STRICT_OBJC_MSGSEND = YES;
				ENABLE_TESTABILITY = YES;
				GCC_C_LANGUAGE_STANDARD = gnu11;
				GCC_DYNAMIC_NO_PIC = NO;
				GCC_NO_COMMON_BLOCKS = YES;
				GCC_OPTIMIZATION_LEVEL = 0;
				GCC_PREPROCESSOR_DEFINITIONS = (
					"DEBUG=1",
					"$(inherited)",
				);
				GCC_WARN_64_TO_32_BIT_CONVERSION = YES;
				GCC_WARN_ABOUT_RETURN_TYPE = YES_ERROR;
				GCC_WARN_UNDECLARED_SELECTOR = YES;
				GCC_WARN_UNINITIALIZED_AUTOS = YES_AGGRESSIVE;
				GCC_WARN_UNUSED_FUNCTION = YES;
				GCC_WARN_UNUSED_VARIABLE = YES;
				IPHONEOS_DEPLOYMENT_TARGET = 16.0;
				MTL_ENABLE_DEBUG_INFO = INCLUDE_SOURCE;
				MTL_FAST_MATH = YES;
				ONLY_ACTIVE_ARCH = YES;
				SDKROOT = iphoneos;
				SWIFT_ACTIVE_COMPILATION_CONDITIONS = DEBUG;
				SWIFT_OPTIMIZATION_LEVEL = "-Onone";
			};
			name = Debug;
		};
		A123F677297FF27E00A2ABD5 /* Release */ = {
			isa = XCBuildConfiguration;
			buildSettings = {
				ALWAYS_SEARCH_USER_PATHS = NO;
				CLANG_ANALYZER_NONNULL = YES;
				CLANG_ANALYZER_NUMBER_OBJECT_CONVERSION = YES_AGGRESSIVE;
				CLANG_CXX_LANGUAGE_STANDARD = "gnu++20";
				CLANG_ENABLE_MODULES = YES;
				CLANG_ENABLE_OBJC_ARC = YES;
				CLANG_ENABLE_OBJC_WEAK = YES;
				CLANG_WARN_BLOCK_CAPTURE_AUTORELEASING = YES;
				CLANG_WARN_BOOL_CONVERSION = YES;
				CLANG_WARN_COMMA = YES;
				CLANG_WARN_CONSTANT_CONVERSION = YES;
				CLANG_WARN_DEPRECATED_OBJC_IMPLEMENTATIONS = YES;
				CLANG_WARN_DIRECT_OBJC_ISA_USAGE = YES_ERROR;
				CLANG_WARN_DOCUMENTATION_COMMENTS = YES;
				CLANG_WARN_EMPTY_BODY = YES;
				CLANG_WARN_ENUM_CONVERSION = YES;
				CLANG_WARN_INFINITE_RECURSION = YES;
				CLANG_WARN_INT_CONVERSION = YES;
				CLANG_WARN_NON_LITERAL_NULL_CONVERSION = YES;
				CLANG_WARN_OBJC_IMPLICIT_RETAIN_SELF = YES;
				CLANG_WARN_OBJC_LITERAL_CONVERSION = YES;
				CLANG_WARN_OBJC_ROOT_CLASS = YES_ERROR;
				CLANG_WARN_QUOTED_INCLUDE_IN_FRAMEWORK_HEADER = YES;
				CLANG_WARN_RANGE_LOOP_ANALYSIS = YES;
				CLANG_WARN_STRICT_PROTOTYPES = YES;
				CLANG_WARN_SUSPICIOUS_MOVE = YES;
				CLANG_WARN_UNGUARDED_AVAILABILITY = YES_AGGRESSIVE;
				CLANG_WARN_UNREACHABLE_CODE = YES;
				CLANG_WARN__DUPLICATE_METHOD_MATCH = YES;
				COPY_PHASE_STRIP = NO;
				DEBUG_INFORMATION_FORMAT = "dwarf-with-dsym";
				ENABLE_NS_ASSERTIONS = NO;
				ENABLE_STRICT_OBJC_MSGSEND = YES;
				GCC_C_LANGUAGE_STANDARD = gnu11;
				GCC_NO_COMMON_BLOCKS = YES;
				GCC_WARN_64_TO_32_BIT_CONVERSION = YES;
				GCC_WARN_ABOUT_RETURN_TYPE = YES_ERROR;
				GCC_WARN_UNDECLARED_SELECTOR = YES;
				GCC_WARN_UNINITIALIZED_AUTOS = YES_AGGRESSIVE;
				GCC_WARN_UNUSED_FUNCTION = YES;
				GCC_WARN_UNUSED_VARIABLE = YES;
				IPHONEOS_DEPLOYMENT_TARGET = 16.0;
				MTL_ENABLE_DEBUG_INFO = NO;
				MTL_FAST_MATH = YES;
				SDKROOT = iphoneos;
				SWIFT_COMPILATION_MODE = wholemodule;
				SWIFT_OPTIMIZATION_LEVEL = "-O";
				VALIDATE_PRODUCT = YES;
			};
			name = Release;
		};
		A123F679297FF27E00A2ABD5 /* Debug */ = {
			isa = XCBuildConfiguration;
			buildSettings = {
				ASSETCATALOG_COMPILER_APPICON_NAME = AppIcon;
				ASSETCATALOG_COMPILER_GLOBAL_ACCENT_COLOR_NAME = AccentColor;
				CODE_SIGN_STYLE = Automatic;
				CURRENT_PROJECT_VERSION = 1;
				DEVELOPMENT_TEAM = A55B4JSB5L;
				GENERATE_INFOPLIST_FILE = YES;
				INFOPLIST_FILE = MultithreadingTest/Info.plist;
				INFOPLIST_KEY_UIApplicationSupportsIndirectInputEvents = YES;
				INFOPLIST_KEY_UILaunchStoryboardName = LaunchScreen;
				INFOPLIST_KEY_UIMainStoryboardFile = Main;
				INFOPLIST_KEY_UISupportedInterfaceOrientations_iPad = "UIInterfaceOrientationPortrait UIInterfaceOrientationPortraitUpsideDown UIInterfaceOrientationLandscapeLeft UIInterfaceOrientationLandscapeRight";
				INFOPLIST_KEY_UISupportedInterfaceOrientations_iPhone = "UIInterfaceOrientationPortrait UIInterfaceOrientationLandscapeLeft UIInterfaceOrientationLandscapeRight";
				LD_RUNPATH_SEARCH_PATHS = (
					"$(inherited)",
					"@executable_path/Frameworks",
				);
				MARKETING_VERSION = 1.0;
				PRODUCT_BUNDLE_IDENTIFIER = com.oksana.poliakova.MultithreadingTest;
				PRODUCT_NAME = "$(TARGET_NAME)";
				SWIFT_EMIT_LOC_STRINGS = YES;
				SWIFT_VERSION = 5.0;
				TARGETED_DEVICE_FAMILY = "1,2";
			};
			name = Debug;
		};
		A123F67A297FF27E00A2ABD5 /* Release */ = {
			isa = XCBuildConfiguration;
			buildSettings = {
				ASSETCATALOG_COMPILER_APPICON_NAME = AppIcon;
				ASSETCATALOG_COMPILER_GLOBAL_ACCENT_COLOR_NAME = AccentColor;
				CODE_SIGN_STYLE = Automatic;
				CURRENT_PROJECT_VERSION = 1;
				DEVELOPMENT_TEAM = A55B4JSB5L;
				GENERATE_INFOPLIST_FILE = YES;
				INFOPLIST_FILE = MultithreadingTest/Info.plist;
				INFOPLIST_KEY_UIApplicationSupportsIndirectInputEvents = YES;
				INFOPLIST_KEY_UILaunchStoryboardName = LaunchScreen;
				INFOPLIST_KEY_UIMainStoryboardFile = Main;
				INFOPLIST_KEY_UISupportedInterfaceOrientations_iPad = "UIInterfaceOrientationPortrait UIInterfaceOrientationPortraitUpsideDown UIInterfaceOrientationLandscapeLeft UIInterfaceOrientationLandscapeRight";
				INFOPLIST_KEY_UISupportedInterfaceOrientations_iPhone = "UIInterfaceOrientationPortrait UIInterfaceOrientationLandscapeLeft UIInterfaceOrientationLandscapeRight";
				LD_RUNPATH_SEARCH_PATHS = (
					"$(inherited)",
					"@executable_path/Frameworks",
				);
				MARKETING_VERSION = 1.0;
				PRODUCT_BUNDLE_IDENTIFIER = com.oksana.poliakova.MultithreadingTest;
				PRODUCT_NAME = "$(TARGET_NAME)";
				SWIFT_EMIT_LOC_STRINGS = YES;
				SWIFT_VERSION = 5.0;
				TARGETED_DEVICE_FAMILY = "1,2";
			};
			name = Release;
		};
/* End XCBuildConfiguration section */

/* Begin XCConfigurationList section */
		A123F65F297FF27D00A2ABD5 /* Build configuration list for PBXProject "MultithreadingTest" */ = {
			isa = XCConfigurationList;
			buildConfigurations = (
				A123F676297FF27E00A2ABD5 /* Debug */,
				A123F677297FF27E00A2ABD5 /* Release */,
			);
			defaultConfigurationIsVisible = 0;
			defaultConfigurationName = Release;
		};
		A123F678297FF27E00A2ABD5 /* Build configuration list for PBXNativeTarget "MultithreadingTest" */ = {
			isa = XCConfigurationList;
			buildConfigurations = (
				A123F679297FF27E00A2ABD5 /* Debug */,
				A123F67A297FF27E00A2ABD5 /* Release */,
			);
			defaultConfigurationIsVisible = 0;
			defaultConfigurationName = Release;
		};
/* End XCConfigurationList section */

/* Begin XCRemoteSwiftPackageReference section */
		A16D5D5529882044002657CC /* XCRemoteSwiftPackageReference "Kingfisher" */ = {
			isa = XCRemoteSwiftPackageReference;
			repositoryURL = "https://github.com/onevcat/Kingfisher.git";
			requirement = {
				kind = upToNextMajorVersion;
				minimumVersion = 7.0.0;
			};
		};
/* End XCRemoteSwiftPackageReference section */

/* Begin XCSwiftPackageProductDependency section */
		A16D5D5629882044002657CC /* Kingfisher */ = {
			isa = XCSwiftPackageProductDependency;
			package = A16D5D5529882044002657CC /* XCRemoteSwiftPackageReference "Kingfisher" */;
			productName = Kingfisher;
		};
/* End XCSwiftPackageProductDependency section */
	};
	rootObject = A123F65C297FF27D00A2ABD5 /* Project object */;
}
